
Microsoft Visual Studio Solution File, Format Version 12.00
# Visual Studio Version 17
VisualStudioVersion = 17.0.31912.275
MinimumVisualStudioVersion = 10.0.40219.1
Project("{FAE04EC0-301F-11D3-BF4B-00C04F79EFBC}") = "WebApplication27", "WebApplication27\WebApplication27.csproj", "{FD657A71-3183-4A4D-BFE6-4357F092339B}"
EndProject
Global
	GlobalSection(SolutionConfigurationPlatforms) = preSolution
		Debug|Any CPU = Debug|Any CPU
		Release|Any CPU = Release|Any CPU
	EndGlobalSection
	GlobalSection(ProjectConfigurationPlatforms) = postSolution
		{FD657A71-3183-4A4D-BFE6-4357F092339B}.Debug|Any CPU.ActiveCfg = Debug|Any CPU
		{FD657A71-3183-4A4D-BFE6-4357F092339B}.Debug|Any CPU.Build.0 = Debug|Any CPU
		{FD657A71-3183-4A4D-BFE6-4357F092339B}.Release|Any CPU.ActiveCfg = Release|Any CPU
		{FD657A71-3183-4A4D-BFE6-4357F092339B}.Release|Any CPU.Build.0 = Release|Any CPU
	EndGlobalSection
	GlobalSection(SolutionProperties) = preSolution
		HideSolutionNode = FALSE
	EndGlobalSection
	GlobalSection(ExtensibilityGlobals) = postSolution
		SolutionGuid = {89474F91-E1F5-40E3-8D10-CEAEB5CEACD1}
	EndGlobalSection
EndGlobal
